
Microsoft Visual Studio Solution File, Format Version 12.00
# Visual Studio Version 16
VisualStudioVersion = 16.0.29230.47
MinimumVisualStudioVersion = 10.0.40219.1
Project("{FAE04EC0-301F-11D3-BF4B-00C04F79EFBC}") = "LifeScoreAPI001", "LifeScoreAPI001\LifeScoreAPI001.csproj", "{F031AEB6-C32E-4626-9494-EF946E8E37BE}"
EndProject
Global
	GlobalSection(SolutionConfigurationPlatforms) = preSolution
		Debug|Any CPU = Debug|Any CPU
		Release|Any CPU = Release|Any CPU
	EndGlobalSection
	GlobalSection(ProjectConfigurationPlatforms) = postSolution
		{F031AEB6-C32E-4626-9494-EF946E8E37BE}.Debug|Any CPU.ActiveCfg = Debug|Any CPU
		{F031AEB6-C32E-4626-9494-EF946E8E37BE}.Debug|Any CPU.Build.0 = Debug|Any CPU
		{F031AEB6-C32E-4626-9494-EF946E8E37BE}.Release|Any CPU.ActiveCfg = Release|Any CPU
		{F031AEB6-C32E-4626-9494-EF946E8E37BE}.Release|Any CPU.Build.0 = Release|Any CPU
	EndGlobalSection
	GlobalSection(SolutionProperties) = preSolution
		HideSolutionNode = FALSE
	EndGlobalSection
	GlobalSection(ExtensibilityGlobals) = postSolution
		SolutionGuid = {7F981453-636E-47C2-A112-F7BB57DAFDDC}
	EndGlobalSection
EndGlobal
