
Microsoft Visual Studio Solution File, Format Version 12.00
# Visual Studio Version 16
VisualStudioVersion = 16.0.29230.47
MinimumVisualStudioVersion = 10.0.40219.1
Project("{FAE04EC0-301F-11D3-BF4B-00C04F79EFBC}") = "BMIWithService", "BMIWithService\BMIWithService.csproj", "{9EF20C4B-52CE-45EA-848E-793A9EB42E19}"
EndProject
Global
	GlobalSection(SolutionConfigurationPlatforms) = preSolution
		Debug|Any CPU = Debug|Any CPU
		Release|Any CPU = Release|Any CPU
	EndGlobalSection
	GlobalSection(ProjectConfigurationPlatforms) = postSolution
		{9EF20C4B-52CE-45EA-848E-793A9EB42E19}.Debug|Any CPU.ActiveCfg = Debug|Any CPU
		{9EF20C4B-52CE-45EA-848E-793A9EB42E19}.Debug|Any CPU.Build.0 = Debug|Any CPU
		{9EF20C4B-52CE-45EA-848E-793A9EB42E19}.Release|Any CPU.ActiveCfg = Release|Any CPU
		{9EF20C4B-52CE-45EA-848E-793A9EB42E19}.Release|Any CPU.Build.0 = Release|Any CPU
	EndGlobalSection
	GlobalSection(SolutionProperties) = preSolution
		HideSolutionNode = FALSE
	EndGlobalSection
	GlobalSection(ExtensibilityGlobals) = postSolution
		SolutionGuid = {2ED1B771-BEF1-44AA-9161-D569CA40E5BF}
	EndGlobalSection
EndGlobal
